
Microsoft Visual Studio Solution File, Format Version 12.00
# Visual Studio 15
VisualStudioVersion = 15.0.28307.572
MinimumVisualStudioVersion = 10.0.40219.1
Project("{FAE04EC0-301F-11D3-BF4B-00C04F79EFBC}") = "UCL_StickerAlbum", "UCL_StickerAlbum\UCL_StickerAlbum.csproj", "{6B1C68CA-072C-473B-88E8-A1F1F5E3C85B}"
EndProject
Global
	GlobalSection(SolutionConfigurationPlatforms) = preSolution
		Debug|Any CPU = Debug|Any CPU
		Release|Any CPU = Release|Any CPU
	EndGlobalSection
	GlobalSection(ProjectConfigurationPlatforms) = postSolution
		{6B1C68CA-072C-473B-88E8-A1F1F5E3C85B}.Debug|Any CPU.ActiveCfg = Debug|Any CPU
		{6B1C68CA-072C-473B-88E8-A1F1F5E3C85B}.Debug|Any CPU.Build.0 = Debug|Any CPU
		{6B1C68CA-072C-473B-88E8-A1F1F5E3C85B}.Release|Any CPU.ActiveCfg = Release|Any CPU
		{6B1C68CA-072C-473B-88E8-A1F1F5E3C85B}.Release|Any CPU.Build.0 = Release|Any CPU
	EndGlobalSection
	GlobalSection(SolutionProperties) = preSolution
		HideSolutionNode = FALSE
	EndGlobalSection
	GlobalSection(ExtensibilityGlobals) = postSolution
		SolutionGuid = {819C8EB3-D1A1-4712-BFEF-C606B23A8610}
	EndGlobalSection
EndGlobal
